
Microsoft Visual Studio Solution File, Format Version 12.00
# Visual Studio Version 17
VisualStudioVersion = 17.0.31903.59
MinimumVisualStudioVersion = 10.0.40219.1
Project("{FAE04EC0-301F-11D3-BF4B-00C04F79EFBC}") = "EndpointMonitor.Shared", "EndpointMonitor.Shared\EndpointMonitor.Shared.csproj", "{7B88151A-4231-475B-B121-BEE5DB79F2AD}"
EndProject
Project("{FAE04EC0-301F-11D3-BF4B-00C04F79EFBC}") = "EndpointMonitor.Worker", "EndpointMonitor.Worker\EndpointMonitor.Worker.csproj", "{EDC301A1-B942-449D-B855-E799D881CA81}"
EndProject
Project("{FAE04EC0-301F-11D3-BF4B-00C04F79EFBC}") = "EndpointMonitor.Service", "EndpointMonitor.Service\EndpointMonitor.Service.csproj", "{2B112176-130A-4507-86E5-3F901AC4F005}"
EndProject
Global
	GlobalSection(SolutionConfigurationPlatforms) = preSolution
		Debug|Any CPU = Debug|Any CPU
		Debug|x64 = Debug|x64
		Debug|x86 = Debug|x86
		Release|Any CPU = Release|Any CPU
		Release|x64 = Release|x64
		Release|x86 = Release|x86
	EndGlobalSection
	GlobalSection(ProjectConfigurationPlatforms) = postSolution
		{F5CDFBAD-A223-4FD6-A3D9-345E5252703B}.Debug|Any CPU.ActiveCfg = Debug|Any CPU
		{F5CDFBAD-A223-4FD6-A3D9-345E5252703B}.Debug|Any CPU.Build.0 = Debug|Any CPU
		{F5CDFBAD-A223-4FD6-A3D9-345E5252703B}.Debug|x64.ActiveCfg = Debug|Any CPU
		{F5CDFBAD-A223-4FD6-A3D9-345E5252703B}.Debug|x64.Build.0 = Debug|Any CPU
		{F5CDFBAD-A223-4FD6-A3D9-345E5252703B}.Debug|x86.ActiveCfg = Debug|Any CPU
		{F5CDFBAD-A223-4FD6-A3D9-345E5252703B}.Debug|x86.Build.0 = Debug|Any CPU
		{F5CDFBAD-A223-4FD6-A3D9-345E5252703B}.Release|Any CPU.ActiveCfg = Release|Any CPU
		{F5CDFBAD-A223-4FD6-A3D9-345E5252703B}.Release|Any CPU.Build.0 = Release|Any CPU
		{F5CDFBAD-A223-4FD6-A3D9-345E5252703B}.Release|x64.ActiveCfg = Release|Any CPU
		{F5CDFBAD-A223-4FD6-A3D9-345E5252703B}.Release|x64.Build.0 = Release|Any CPU
		{F5CDFBAD-A223-4FD6-A3D9-345E5252703B}.Release|x86.ActiveCfg = Release|Any CPU
		{F5CDFBAD-A223-4FD6-A3D9-345E5252703B}.Release|x86.Build.0 = Release|Any CPU
		{7B88151A-4231-475B-B121-BEE5DB79F2AD}.Debug|Any CPU.ActiveCfg = Debug|Any CPU
		{7B88151A-4231-475B-B121-BEE5DB79F2AD}.Debug|Any CPU.Build.0 = Debug|Any CPU
		{7B88151A-4231-475B-B121-BEE5DB79F2AD}.Debug|x64.ActiveCfg = Debug|Any CPU
		{7B88151A-4231-475B-B121-BEE5DB79F2AD}.Debug|x64.Build.0 = Debug|Any CPU
		{7B88151A-4231-475B-B121-BEE5DB79F2AD}.Debug|x86.ActiveCfg = Debug|Any CPU
		{7B88151A-4231-475B-B121-BEE5DB79F2AD}.Debug|x86.Build.0 = Debug|Any CPU
		{7B88151A-4231-475B-B121-BEE5DB79F2AD}.Release|Any CPU.ActiveCfg = Release|Any CPU
		{7B88151A-4231-475B-B121-BEE5DB79F2AD}.Release|Any CPU.Build.0 = Release|Any CPU
		{7B88151A-4231-475B-B121-BEE5DB79F2AD}.Release|x64.ActiveCfg = Release|Any CPU
		{7B88151A-4231-475B-B121-BEE5DB79F2AD}.Release|x64.Build.0 = Release|Any CPU
		{7B88151A-4231-475B-B121-BEE5DB79F2AD}.Release|x86.ActiveCfg = Release|Any CPU
		{7B88151A-4231-475B-B121-BEE5DB79F2AD}.Release|x86.Build.0 = Release|Any CPU
		{EDC301A1-B942-449D-B855-E799D881CA81}.Debug|Any CPU.ActiveCfg = Debug|Any CPU
		{EDC301A1-B942-449D-B855-E799D881CA81}.Debug|Any CPU.Build.0 = Debug|Any CPU
		{EDC301A1-B942-449D-B855-E799D881CA81}.Debug|x64.ActiveCfg = Debug|Any CPU
		{EDC301A1-B942-449D-B855-E799D881CA81}.Debug|x64.Build.0 = Debug|Any CPU
		{EDC301A1-B942-449D-B855-E799D881CA81}.Debug|x86.ActiveCfg = Debug|Any CPU
		{EDC301A1-B942-449D-B855-E799D881CA81}.Debug|x86.Build.0 = Debug|Any CPU
		{EDC301A1-B942-449D-B855-E799D881CA81}.Release|Any CPU.ActiveCfg = Release|Any CPU
		{EDC301A1-B942-449D-B855-E799D881CA81}.Release|Any CPU.Build.0 = Release|Any CPU
		{EDC301A1-B942-449D-B855-E799D881CA81}.Release|x64.ActiveCfg = Release|Any CPU
		{EDC301A1-B942-449D-B855-E799D881CA81}.Release|x64.Build.0 = Release|Any CPU
		{EDC301A1-B942-449D-B855-E799D881CA81}.Release|x86.ActiveCfg = Release|Any CPU
		{EDC301A1-B942-449D-B855-E799D881CA81}.Release|x86.Build.0 = Release|Any CPU
		{2B112176-130A-4507-86E5-3F901AC4F005}.Debug|Any CPU.ActiveCfg = Debug|Any CPU
		{2B112176-130A-4507-86E5-3F901AC4F005}.Debug|Any CPU.Build.0 = Debug|Any CPU
		{2B112176-130A-4507-86E5-3F901AC4F005}.Debug|x64.ActiveCfg = Debug|Any CPU
		{2B112176-130A-4507-86E5-3F901AC4F005}.Debug|x64.Build.0 = Debug|Any CPU
		{2B112176-130A-4507-86E5-3F901AC4F005}.Debug|x86.ActiveCfg = Debug|Any CPU
		{2B112176-130A-4507-86E5-3F901AC4F005}.Debug|x86.Build.0 = Debug|Any CPU
		{2B112176-130A-4507-86E5-3F901AC4F005}.Release|Any CPU.ActiveCfg = Release|Any CPU
		{2B112176-130A-4507-86E5-3F901AC4F005}.Release|Any CPU.Build.0 = Release|Any CPU
		{2B112176-130A-4507-86E5-3F901AC4F005}.Release|x64.ActiveCfg = Release|Any CPU
		{2B112176-130A-4507-86E5-3F901AC4F005}.Release|x64.Build.0 = Release|Any CPU
		{2B112176-130A-4507-86E5-3F901AC4F005}.Release|x86.ActiveCfg = Release|Any CPU
		{2B112176-130A-4507-86E5-3F901AC4F005}.Release|x86.Build.0 = Release|Any CPU
	EndGlobalSection
	GlobalSection(SolutionProperties) = preSolution
		HideSolutionNode = FALSE
	EndGlobalSection
EndGlobal
